
Microsoft Visual Studio Solution File, Format Version 12.00
# Visual Studio Version 17
VisualStudioVersion = 17.4.33103.184
MinimumVisualStudioVersion = 10.0.40219.1
Project("{8BC9CEB8-8B4A-11D0-8D11-00A0C91BC942}") = "TestingSystem", "TestingSystem\TestingSystem.vcxproj", "{60D9BEC8-1738-4114-AD33-5BFE196CC827}"
EndProject
Global
	GlobalSection(SolutionConfigurationPlatforms) = preSolution
		Debug|x64 = Debug|x64
		Debug|x86 = Debug|x86
		Release|x64 = Release|x64
		Release|x86 = Release|x86
	EndGlobalSection
	GlobalSection(ProjectConfigurationPlatforms) = postSolution
		{60D9BEC8-1738-4114-AD33-5BFE196CC827}.Debug|x64.ActiveCfg = Debug|x64
		{60D9BEC8-1738-4114-AD33-5BFE196CC827}.Debug|x64.Build.0 = Debug|x64
		{60D9BEC8-1738-4114-AD33-5BFE196CC827}.Debug|x86.ActiveCfg = Debug|Win32
		{60D9BEC8-1738-4114-AD33-5BFE196CC827}.Debug|x86.Build.0 = Debug|Win32
		{60D9BEC8-1738-4114-AD33-5BFE196CC827}.Release|x64.ActiveCfg = Release|x64
		{60D9BEC8-1738-4114-AD33-5BFE196CC827}.Release|x64.Build.0 = Release|x64
		{60D9BEC8-1738-4114-AD33-5BFE196CC827}.Release|x86.ActiveCfg = Release|Win32
		{60D9BEC8-1738-4114-AD33-5BFE196CC827}.Release|x86.Build.0 = Release|Win32
	EndGlobalSection
	GlobalSection(SolutionProperties) = preSolution
		HideSolutionNode = FALSE
	EndGlobalSection
	GlobalSection(ExtensibilityGlobals) = postSolution
		SolutionGuid = {31A07E6C-60B3-4B11-BAE4-E8D7D6B365E9}
	EndGlobalSection
EndGlobal
